// !$*UTF8*$!
{
	archiveVersion = 1;
	classes = {
	};
	objectVersion = 46;
	objects = {

/* Begin PBXBuildFile section */
		1F0F50F22AEBA62579A4B081 /* Pods_TwitterDemo.framework in Frameworks */ = {isa = PBXBuildFile; fileRef = 20101880B50FA1917776E573 /* Pods_TwitterDemo.framework */; };
		4D998D261EA1310E00EDB1DE /* TwitterClient.swift in Sources */ = {isa = PBXBuildFile; fileRef = 4D998D251EA1310E00EDB1DE /* TwitterClient.swift */; };
		4D998D281EA1357C00EDB1DE /* User.swift in Sources */ = {isa = PBXBuildFile; fileRef = 4D998D271EA1357C00EDB1DE /* User.swift */; };
		4D998D2A1EA1375600EDB1DE /* Tweet.swift in Sources */ = {isa = PBXBuildFile; fileRef = 4D998D291EA1375600EDB1DE /* Tweet.swift */; };
		4D998D2C1EA14B5100EDB1DE /* TweetViewController.swift in Sources */ = {isa = PBXBuildFile; fileRef = 4D998D2B1EA14B5100EDB1DE /* TweetViewController.swift */; };
		4D998D331EA1E01800EDB1DE /* TweetCell.swift in Sources */ = {isa = PBXBuildFile; fileRef = 4D998D321EA1E01800EDB1DE /* TweetCell.swift */; };
		4D998D351EA1E86900EDB1DE /* TweetDetailController.swift in Sources */ = {isa = PBXBuildFile; fileRef = 4D998D341EA1E86900EDB1DE /* TweetDetailController.swift */; };
		4D998D371EA30D5600EDB1DE /* PostTweetController.swift in Sources */ = {isa = PBXBuildFile; fileRef = 4D998D361EA30D5600EDB1DE /* PostTweetController.swift */; };
		4DC68C841E9FD22D00387B88 /* AppDelegate.swift in Sources */ = {isa = PBXBuildFile; fileRef = 4DC68C831E9FD22D00387B88 /* AppDelegate.swift */; };
		4DC68C861E9FD22D00387B88 /* ViewController.swift in Sources */ = {isa = PBXBuildFile; fileRef = 4DC68C851E9FD22D00387B88 /* ViewController.swift */; };
		4DC68C891E9FD22D00387B88 /* Main.storyboard in Resources */ = {isa = PBXBuildFile; fileRef = 4DC68C871E9FD22D00387B88 /* Main.storyboard */; };
		4DC68C8B1E9FD22D00387B88 /* Assets.xcassets in Resources */ = {isa = PBXBuildFile; fileRef = 4DC68C8A1E9FD22D00387B88 /* Assets.xcassets */; };
		4DC68C8E1E9FD22D00387B88 /* LaunchScreen.storyboard in Resources */ = {isa = PBXBuildFile; fileRef = 4DC68C8C1E9FD22D00387B88 /* LaunchScreen.storyboard */; };
		4DE77A881E9FD3EA005A4FAB /* LoginViewControlle.swift in Sources */ = {isa = PBXBuildFile; fileRef = 4DE77A871E9FD3EA005A4FAB /* LoginViewControlle.swift */; };
/* End PBXBuildFile section */

/* Begin PBXFileReference section */
		20101880B50FA1917776E573 /* Pods_TwitterDemo.framework */ = {isa = PBXFileReference; explicitFileType = wrapper.framework; includeInIndex = 0; path = Pods_TwitterDemo.framework; sourceTree = BUILT_PRODUCTS_DIR; };
		4D998D251EA1310E00EDB1DE /* TwitterClient.swift */ = {isa = PBXFileReference; fileEncoding = 4; lastKnownFileType = sourcecode.swift; path = TwitterClient.swift; sourceTree = "<group>"; };
		4D998D271EA1357C00EDB1DE /* User.swift */ = {isa = PBXFileReference; fileEncoding = 4; lastKnownFileType = sourcecode.swift; path = User.swift; sourceTree = "<group>"; };
		4D998D291EA1375600EDB1DE /* Tweet.swift */ = {isa = PBXFileReference; fileEncoding = 4; lastKnownFileType = sourcecode.swift; path = Tweet.swift; sourceTree = "<group>"; };
		4D998D2B1EA14B5100EDB1DE /* TweetViewController.swift */ = {isa = PBXFileReference; fileEncoding = 4; lastKnownFileType = sourcecode.swift; path = TweetViewController.swift; sourceTree = "<group>"; };
		4D998D321EA1E01800EDB1DE /* TweetCell.swift */ = {isa = PBXFileReference; fileEncoding = 4; lastKnownFileType = sourcecode.swift; path = TweetCell.swift; sourceTree = "<group>"; };
		4D998D341EA1E86900EDB1DE /* TweetDetailController.swift */ = {isa = PBXFileReference; fileEncoding = 4; lastKnownFileType = sourcecode.swift; path = TweetDetailController.swift; sourceTree = "<group>"; };
		4D998D361EA30D5600EDB1DE /* PostTweetController.swift */ = {isa = PBXFileReference; fileEncoding = 4; lastKnownFileType = sourcecode.swift; path = PostTweetController.swift; sourceTree = "<group>"; };
		4DC68C801E9FD22D00387B88 /* TwitterDemo.app */ = {isa = PBXFileReference; explicitFileType = wrapper.application; includeInIndex = 0; path = TwitterDemo.app; sourceTree = BUILT_PRODUCTS_DIR; };
		4DC68C831E9FD22D00387B88 /* AppDelegate.swift */ = {isa = PBXFileReference; lastKnownFileType = sourcecode.swift; path = AppDelegate.swift; sourceTree = "<group>"; };
		4DC68C851E9FD22D00387B88 /* ViewController.swift */ = {isa = PBXFileReference; lastKnownFileType = sourcecode.swift; path = ViewController.swift; sourceTree = "<group>"; };
		4DC68C881E9FD22D00387B88 /* Base */ = {isa = PBXFileReference; lastKnownFileType = file.storyboard; name = Base; path = Base.lproj/Main.storyboard; sourceTree = "<group>"; };
		4DC68C8A1E9FD22D00387B88 /* Assets.xcassets */ = {isa = PBXFileReference; lastKnownFileType = folder.assetcatalog; path = Assets.xcassets; sourceTree = "<group>"; };
		4DC68C8D1E9FD22D00387B88 /* Base */ = {isa = PBXFileReference; lastKnownFileType = file.storyboard; name = Base; path = Base.lproj/LaunchScreen.storyboard; sourceTree = "<group>"; };
		4DC68C8F1E9FD22D00387B88 /* Info.plist */ = {isa = PBXFileReference; lastKnownFileType = text.plist.xml; path = Info.plist; sourceTree = "<group>"; };
		4DE77A871E9FD3EA005A4FAB /* LoginViewControlle.swift */ = {isa = PBXFileReference; fileEncoding = 4; lastKnownFileType = sourcecode.swift; path = LoginViewControlle.swift; sourceTree = "<group>"; };
		79466903EDA0F0694F2FE88B /* Pods-TwitterDemo.release.xcconfig */ = {isa = PBXFileReference; includeInIndex = 1; lastKnownFileType = text.xcconfig; name = "Pods-TwitterDemo.release.xcconfig"; path = "Pods/Target Support Files/Pods-TwitterDemo/Pods-TwitterDemo.release.xcconfig"; sourceTree = "<group>"; };
		F3713FE2B35C1B9A2BF1B38C /* Pods-TwitterDemo.debug.xcconfig */ = {isa = PBXFileReference; includeInIndex = 1; lastKnownFileType = text.xcconfig; name = "Pods-TwitterDemo.debug.xcconfig"; path = "Pods/Target Support Files/Pods-TwitterDemo/Pods-TwitterDemo.debug.xcconfig"; sourceTree = "<group>"; };
/* End PBXFileReference section */

/* Begin PBXFrameworksBuildPhase section */
		4DC68C7D1E9FD22D00387B88 /* Frameworks */ = {
			isa = PBXFrameworksBuildPhase;
			buildActionMask = 2147483647;
			files = (
				1F0F50F22AEBA62579A4B081 /* Pods_TwitterDemo.framework in Frameworks */,
			);
			runOnlyForDeploymentPostprocessing = 0;
		};
/* End PBXFrameworksBuildPhase section */

/* Begin PBXGroup section */
		4D998D2D1EA163D200EDB1DE /* Models */ = {
			isa = PBXGroup;
			children = (
				4D998D291EA1375600EDB1DE /* Tweet.swift */,
				4D998D271EA1357C00EDB1DE /* User.swift */,
			);
			name = Models;
			sourceTree = "<group>";
		};
		4D998D2E1EA1644800EDB1DE /* Client */ = {
			isa = PBXGroup;
			children = (
				4D998D251EA1310E00EDB1DE /* TwitterClient.swift */,
			);
			name = Client;
			sourceTree = "<group>";
		};
		4D998D2F1EA16AD300EDB1DE /* View */ = {
			isa = PBXGroup;
			children = (
				4D998D321EA1E01800EDB1DE /* TweetCell.swift */,
			);
			name = View;
			sourceTree = "<group>";
		};
		4DC68C771E9FD22D00387B88 = {
			isa = PBXGroup;
			children = (
				4DC68C821E9FD22D00387B88 /* TwitterDemo */,
				4DC68C811E9FD22D00387B88 /* Products */,
				5BB562ADA85255192B22A33F /* Pods */,
				7575D48D3ECAED9EF9128A45 /* Frameworks */,
			);
			sourceTree = "<group>";
		};
		4DC68C811E9FD22D00387B88 /* Products */ = {
			isa = PBXGroup;
			children = (
				4DC68C801E9FD22D00387B88 /* TwitterDemo.app */,
			);
			name = Products;
			sourceTree = "<group>";
		};
		4DC68C821E9FD22D00387B88 /* TwitterDemo */ = {
			isa = PBXGroup;
			children = (
				4D998D2F1EA16AD300EDB1DE /* View */,
				4D998D2E1EA1644800EDB1DE /* Client */,
				4D998D2D1EA163D200EDB1DE /* Models */,
				4DE77A861E9FD3C4005A4FAB /* ViewController */,
				4DC68C831E9FD22D00387B88 /* AppDelegate.swift */,
				4DC68C851E9FD22D00387B88 /* ViewController.swift */,
				4DC68C871E9FD22D00387B88 /* Main.storyboard */,
				4DC68C8A1E9FD22D00387B88 /* Assets.xcassets */,
				4DC68C8C1E9FD22D00387B88 /* LaunchScreen.storyboard */,
				4DC68C8F1E9FD22D00387B88 /* Info.plist */,
			);
			path = TwitterDemo;
			sourceTree = "<group>";
		};
		4DE77A861E9FD3C4005A4FAB /* ViewController */ = {
			isa = PBXGroup;
			children = (
				4DE77A871E9FD3EA005A4FAB /* LoginViewControlle.swift */,
				4D998D2B1EA14B5100EDB1DE /* TweetViewController.swift */,
				4D998D341EA1E86900EDB1DE /* TweetDetailController.swift */,
				4D998D361EA30D5600EDB1DE /* PostTweetController.swift */,
			);
			name = ViewController;
			sourceTree = "<group>";
		};
		5BB562ADA85255192B22A33F /* Pods */ = {
			isa = PBXGroup;
			children = (
				F3713FE2B35C1B9A2BF1B38C /* Pods-TwitterDemo.debug.xcconfig */,
				79466903EDA0F0694F2FE88B /* Pods-TwitterDemo.release.xcconfig */,
			);
			name = Pods;
			sourceTree = "<group>";
		};
		7575D48D3ECAED9EF9128A45 /* Frameworks */ = {
			isa = PBXGroup;
			children = (
				20101880B50FA1917776E573 /* Pods_TwitterDemo.framework */,
			);
			name = Frameworks;
			sourceTree = "<group>";
		};
/* End PBXGroup section */

/* Begin PBXNativeTarget section */
		4DC68C7F1E9FD22D00387B88 /* TwitterDemo */ = {
			isa = PBXNativeTarget;
			buildConfigurationList = 4DC68C921E9FD22D00387B88 /* Build configuration list for PBXNativeTarget "TwitterDemo" */;
			buildPhases = (
				9FBB7FA94E180C7F4F4BA66D /* [CP] Check Pods Manifest.lock */,
				4DC68C7C1E9FD22D00387B88 /* Sources */,
				4DC68C7D1E9FD22D00387B88 /* Frameworks */,
				4DC68C7E1E9FD22D00387B88 /* Resources */,
				E0FD981A32CCA5BAC185DAEB /* [CP] Embed Pods Frameworks */,
				CE67499C76A0FA937515E26E /* [CP] Copy Pods Resources */,
			);
			buildRules = (
			);
			dependencies = (
			);
			name = TwitterDemo;
			productName = TwitterDemo;
			productReference = 4DC68C801E9FD22D00387B88 /* TwitterDemo.app */;
			productType = "com.apple.product-type.application";
		};
/* End PBXNativeTarget section */

/* Begin PBXProject section */
		4DC68C781E9FD22D00387B88 /* Project object */ = {
			isa = PBXProject;
			attributes = {
				LastSwiftUpdateCheck = 0820;
				LastUpgradeCheck = 0820;
				ORGANIZATIONNAME = "Yerneni, Naresh";
				TargetAttributes = {
					4DC68C7F1E9FD22D00387B88 = {
						CreatedOnToolsVersion = 8.2.1;
						ProvisioningStyle = Automatic;
					};
				};
			};
			buildConfigurationList = 4DC68C7B1E9FD22D00387B88 /* Build configuration list for PBXProject "TwitterDemo" */;
			compatibilityVersion = "Xcode 3.2";
			developmentRegion = English;
			hasScannedForEncodings = 0;
			knownRegions = (
				en,
				Base,
			);
			mainGroup = 4DC68C771E9FD22D00387B88;
			productRefGroup = 4DC68C811E9FD22D00387B88 /* Products */;
			projectDirPath = "";
			projectRoot = "";
			targets = (
				4DC68C7F1E9FD22D00387B88 /* TwitterDemo */,
			);
		};
/* End PBXProject section */

/* Begin PBXResourcesBuildPhase section */
		4DC68C7E1E9FD22D00387B88 /* Resources */ = {
			isa = PBXResourcesBuildPhase;
			buildActionMask = 2147483647;
			files = (
				4DC68C8E1E9FD22D00387B88 /* LaunchScreen.storyboard in Resources */,
				4DC68C8B1E9FD22D00387B88 /* Assets.xcassets in Resources */,
				4DC68C891E9FD22D00387B88 /* Main.storyboard in Resources */,
			);
			runOnlyForDeploymentPostprocessing = 0;
		};
/* End PBXResourcesBuildPhase section */

/* Begin PBXShellScriptBuildPhase section */
		9FBB7FA94E180C7F4F4BA66D /* [CP] Check Pods Manifest.lock */ = {
			isa = PBXShellScriptBuildPhase;
			buildActionMask = 2147483647;
			files = (
			);
			inputPaths = (
			);
			name = "[CP] Check Pods Manifest.lock";
			outputPaths = (
			);
			runOnlyForDeploymentPostprocessing = 0;
			shellPath = /bin/sh;
			shellScript = "diff \"${PODS_ROOT}/../Podfile.lock\" \"${PODS_ROOT}/Manifest.lock\" > /dev/null\nif [ $? != 0 ] ; then\n    # print error to STDERR\n    echo \"error: The sandbox is not in sync with the Podfile.lock. Run 'pod install' or update your CocoaPods installation.\" >&2\n    exit 1\nfi\n";
			showEnvVarsInLog = 0;
		};
		CE67499C76A0FA937515E26E /* [CP] Copy Pods Resources */ = {
			isa = PBXShellScriptBuildPhase;
			buildActionMask = 2147483647;
			files = (
			);
			inputPaths = (
			);
			name = "[CP] Copy Pods Resources";
			outputPaths = (
			);
			runOnlyForDeploymentPostprocessing = 0;
			shellPath = /bin/sh;
			shellScript = "\"${SRCROOT}/Pods/Target Support Files/Pods-TwitterDemo/Pods-TwitterDemo-resources.sh\"\n";
			showEnvVarsInLog = 0;
		};
		E0FD981A32CCA5BAC185DAEB /* [CP] Embed Pods Frameworks */ = {
			isa = PBXShellScriptBuildPhase;
			buildActionMask = 2147483647;
			files = (
			);
			inputPaths = (
			);
			name = "[CP] Embed Pods Frameworks";
			outputPaths = (
			);
			runOnlyForDeploymentPostprocessing = 0;
			shellPath = /bin/sh;
			shellScript = "\"${SRCROOT}/Pods/Target Support Files/Pods-TwitterDemo/Pods-TwitterDemo-frameworks.sh\"\n";
			showEnvVarsInLog = 0;
		};
/* End PBXShellScriptBuildPhase section */

/* Begin PBXSourcesBuildPhase section */
		4DC68C7C1E9FD22D00387B88 /* Sources */ = {
			isa = PBXSourcesBuildPhase;
			buildActionMask = 2147483647;
			files = (
				4D998D261EA1310E00EDB1DE /* TwitterClient.swift in Sources */,
				4DC68C861E9FD22D00387B88 /* ViewController.swift in Sources */,
				4D998D351EA1E86900EDB1DE /* TweetDetailController.swift in Sources */,
				4DC68C841E9FD22D00387B88 /* AppDelegate.swift in Sources */,
				4D998D331EA1E01800EDB1DE /* TweetCell.swift in Sources */,
				4D998D2A1EA1375600EDB1DE /* Tweet.swift in Sources */,
				4D998D2C1EA14B5100EDB1DE /* TweetViewController.swift in Sources */,
				4D998D281EA1357C00EDB1DE /* User.swift in Sources */,
				4DE77A881E9FD3EA005A4FAB /* LoginViewControlle.swift in Sources */,
				4D998D371EA30D5600EDB1DE /* PostTweetController.swift in Sources */,
			);
			runOnlyForDeploymentPostprocessing = 0;
		};
/* End PBXSourcesBuildPhase section */

/* Begin PBXVariantGroup section */
		4DC68C871E9FD22D00387B88 /* Main.storyboard */ = {
			isa = PBXVariantGroup;
			children = (
				4DC68C881E9FD22D00387B88 /* Base */,
			);
			name = Main.storyboard;
			sourceTree = "<group>";
		};
		4DC68C8C1E9FD22D00387B88 /* LaunchScreen.storyboard */ = {
			isa = PBXVariantGroup;
			children = (
				4DC68C8D1E9FD22D00387B88 /* Base */,
			);
			name = LaunchScreen.storyboard;
			sourceTree = "<group>";
		};
/* End PBXVariantGroup section */

/* Begin XCBuildConfiguration section */
		4DC68C901E9FD22D00387B88 /* Debug */ = {
			isa = XCBuildConfiguration;
			buildSettings = {
				ALWAYS_SEARCH_USER_PATHS = NO;
				CLANG_ANALYZER_NONNULL = YES;
				CLANG_CXX_LANGUAGE_STANDARD = "gnu++0x";
				CLANG_CXX_LIBRARY = "libc++";
				CLANG_ENABLE_MODULES = YES;
				CLANG_ENABLE_OBJC_ARC = YES;
				CLANG_WARN_BOOL_CONVERSION = YES;
				CLANG_WARN_CONSTANT_CONVERSION = YES;
				CLANG_WARN_DIRECT_OBJC_ISA_USAGE = YES_ERROR;
				CLANG_WARN_DOCUMENTATION_COMMENTS = YES;
				CLANG_WARN_EMPTY_BODY = YES;
				CLANG_WARN_ENUM_CONVERSION = YES;
				CLANG_WARN_INFINITE_RECURSION = YES;
				CLANG_WARN_INT_CONVERSION = YES;
				CLANG_WARN_OBJC_ROOT_CLASS = YES_ERROR;
				CLANG_WARN_SUSPICIOUS_MOVE = YES;
				CLANG_WARN_UNREACHABLE_CODE = YES;
				CLANG_WARN__DUPLICATE_METHOD_MATCH = YES;
				"CODE_SIGN_IDENTITY[sdk=iphoneos*]" = "iPhone Developer";
				COPY_PHASE_STRIP = NO;
				DEBUG_INFORMATION_FORMAT = dwarf;
				ENABLE_STRICT_OBJC_MSGSEND = YES;
				ENABLE_TESTABILITY = YES;
				GCC_C_LANGUAGE_STANDARD = gnu99;
				GCC_DYNAMIC_NO_PIC = NO;
				GCC_NO_COMMON_BLOCKS = YES;
				GCC_OPTIMIZATION_LEVEL = 0;
				GCC_PREPROCESSOR_DEFINITIONS = (
					"DEBUG=1",
					"$(inherited)",
				);
				GCC_WARN_64_TO_32_BIT_CONVERSION = YES;
				GCC_WARN_ABOUT_RETURN_TYPE = YES_ERROR;
				GCC_WARN_UNDECLARED_SELECTOR = YES;
				GCC_WARN_UNINITIALIZED_AUTOS = YES_AGGRESSIVE;
				GCC_WARN_UNUSED_FUNCTION = YES;
				GCC_WARN_UNUSED_VARIABLE = YES;
				IPHONEOS_DEPLOYMENT_TARGET = 10.2;
				MTL_ENABLE_DEBUG_INFO = YES;
				ONLY_ACTIVE_ARCH = YES;
				SDKROOT = iphoneos;
				SWIFT_ACTIVE_COMPILATION_CONDITIONS = DEBUG;
				SWIFT_OPTIMIZATION_LEVEL = "-Onone";
				TARGETED_DEVICE_FAMILY = "1,2";
			};
			name = Debug;
		};
		4DC68C911E9FD22D00387B88 /* Release */ = {
			isa = XCBuildConfiguration;
			buildSettings = {
				ALWAYS_SEARCH_USER_PATHS = NO;
				CLANG_ANALYZER_NONNULL = YES;
				CLANG_CXX_LANGUAGE_STANDARD = "gnu++0x";
				CLANG_CXX_LIBRARY = "libc++";
				CLANG_ENABLE_MODULES = YES;
				CLANG_ENABLE_OBJC_ARC = YES;
				CLANG_WARN_BOOL_CONVERSION = YES;
				CLANG_WARN_CONSTANT_CONVERSION = YES;
				CLANG_WARN_DIRECT_OBJC_ISA_USAGE = YES_ERROR;
				CLANG_WARN_DOCUMENTATION_COMMENTS = YES;
				CLANG_WARN_EMPTY_BODY = YES;
				CLANG_WARN_ENUM_CONVERSION = YES;
				CLANG_WARN_INFINITE_RECURSION = YES;
				CLANG_WARN_INT_CONVERSION = YES;
				CLANG_WARN_OBJC_ROOT_CLASS = YES_ERROR;
				CLANG_WARN_SUSPICIOUS_MOVE = YES;
				CLANG_WARN_UNREACHABLE_CODE = YES;
				CLANG_WARN__DUPLICATE_METHOD_MATCH = YES;
				"CODE_SIGN_IDENTITY[sdk=iphoneos*]" = "iPhone Developer";
				COPY_PHASE_STRIP = NO;
				DEBUG_INFORMATION_FORMAT = "dwarf-with-dsym";
				ENABLE_NS_ASSERTIONS = NO;
				ENABLE_STRICT_OBJC_MSGSEND = YES;
				GCC_C_LANGUAGE_STANDARD = gnu99;
				GCC_NO_COMMON_BLOCKS = YES;
				GCC_WARN_64_TO_32_BIT_CONVERSION = YES;
				GCC_WARN_ABOUT_RETURN_TYPE = YES_ERROR;
				GCC_WARN_UNDECLARED_SELECTOR = YES;
				GCC_WARN_UNINITIALIZED_AUTOS = YES_AGGRESSIVE;
				GCC_WARN_UNUSED_FUNCTION = YES;
				GCC_WARN_UNUSED_VARIABLE = YES;
				IPHONEOS_DEPLOYMENT_TARGET = 10.2;
				MTL_ENABLE_DEBUG_INFO = NO;
				SDKROOT = iphoneos;
				SWIFT_OPTIMIZATION_LEVEL = "-Owholemodule";
				TARGETED_DEVICE_FAMILY = "1,2";
				VALIDATE_PRODUCT = YES;
			};
			name = Release;
		};
		4DC68C931E9FD22D00387B88 /* Debug */ = {
			isa = XCBuildConfiguration;
			baseConfigurationReference = F3713FE2B35C1B9A2BF1B38C /* Pods-TwitterDemo.debug.xcconfig */;
			buildSettings = {
				ASSETCATALOG_COMPILER_APPICON_NAME = AppIcon;
				INFOPLIST_FILE = TwitterDemo/Info.plist;
				LD_RUNPATH_SEARCH_PATHS = "$(inherited) @executable_path/Frameworks";
				PRODUCT_BUNDLE_IDENTIFIER = com.yerneni.TwitterDemo;
				PRODUCT_NAME = "$(TARGET_NAME)";
				SWIFT_VERSION = 3.0;
			};
			name = Debug;
		};
		4DC68C941E9FD22D00387B88 /* Release */ = {
			isa = XCBuildConfiguration;
			baseConfigurationReference = 79466903EDA0F0694F2FE88B /* Pods-TwitterDemo.release.xcconfig */;
			buildSettings = {
				ASSETCATALOG_COMPILER_APPICON_NAME = AppIcon;
				INFOPLIST_FILE = TwitterDemo/Info.plist;
				LD_RUNPATH_SEARCH_PATHS = "$(inherited) @executable_path/Frameworks";
				PRODUCT_BUNDLE_IDENTIFIER = com.yerneni.TwitterDemo;
				PRODUCT_NAME = "$(TARGET_NAME)";
				SWIFT_VERSION = 3.0;
			};
			name = Release;
		};
/* End XCBuildConfiguration section */

/* Begin XCConfigurationList section */
		4DC68C7B1E9FD22D00387B88 /* Build configuration list for PBXProject "TwitterDemo" */ = {
			isa = XCConfigurationList;
			buildConfigurations = (
				4DC68C901E9FD22D00387B88 /* Debug */,
				4DC68C911E9FD22D00387B88 /* Release */,
			);
			defaultConfigurationIsVisible = 0;
			defaultConfigurationName = Release;
		};
		4DC68C921E9FD22D00387B88 /* Build configuration list for PBXNativeTarget "TwitterDemo" */ = {
			isa = XCConfigurationList;
			buildConfigurations = (
				4DC68C931E9FD22D00387B88 /* Debug */,
				4DC68C941E9FD22D00387B88 /* Release */,
			);
			defaultConfigurationIsVisible = 0;
			defaultConfigurationName = Release;
		};
/* End XCConfigurationList section */
	};
	rootObject = 4DC68C781E9FD22D00387B88 /* Project object */;
}
